
Microsoft Visual Studio Solution File, Format Version 12.00
# Visual Studio Version 17
VisualStudioVersion = 17.14.36518.9
MinimumVisualStudioVersion = 10.0.40219.1
Project("{FAE04EC0-301F-11D3-BF4B-00C04F79EFBC}") = "PalindromeNumber", "PalindromeNumber\PalindromeNumber.csproj", "{04610D61-9E2C-4638-A6CF-7D78B9FC7B3E}"
EndProject
Project("{2150E333-8FDC-42A3-9474-1A3956D46DE8}") = "Easy Problems", "Easy Problems", "{02EA681E-C7D8-13C7-8484-4AC65E1B71E8}"
EndProject
Project("{FAE04EC0-301F-11D3-BF4B-00C04F79EFBC}") = "TwoSum_Easy", "TwoSum\TwoSum_Easy.csproj", "{DC802FD7-D54D-4A00-8AC1-81A6CDFFB25A}"
EndProject
Project("{FAE04EC0-301F-11D3-BF4B-00C04F79EFBC}") = "RomanToInteger", "RomanToInteger\RomanToInteger.csproj", "{AC7A0D6C-5AD7-4430-B457-5953682F33E4}"
EndProject
Project("{FAE04EC0-301F-11D3-BF4B-00C04F79EFBC}") = "LongestCommonPrefix", "LongestCommonPrefix\LongestCommonPrefix.csproj", "{E9F69253-4A68-41D9-8D00-F13C6D9427F4}"
EndProject
Global
	GlobalSection(SolutionConfigurationPlatforms) = preSolution
		Debug|Any CPU = Debug|Any CPU
		Release|Any CPU = Release|Any CPU
	EndGlobalSection
	GlobalSection(ProjectConfigurationPlatforms) = postSolution
		{04610D61-9E2C-4638-A6CF-7D78B9FC7B3E}.Debug|Any CPU.ActiveCfg = Debug|Any CPU
		{04610D61-9E2C-4638-A6CF-7D78B9FC7B3E}.Debug|Any CPU.Build.0 = Debug|Any CPU
		{04610D61-9E2C-4638-A6CF-7D78B9FC7B3E}.Release|Any CPU.ActiveCfg = Release|Any CPU
		{04610D61-9E2C-4638-A6CF-7D78B9FC7B3E}.Release|Any CPU.Build.0 = Release|Any CPU
		{DC802FD7-D54D-4A00-8AC1-81A6CDFFB25A}.Debug|Any CPU.ActiveCfg = Debug|Any CPU
		{DC802FD7-D54D-4A00-8AC1-81A6CDFFB25A}.Debug|Any CPU.Build.0 = Debug|Any CPU
		{DC802FD7-D54D-4A00-8AC1-81A6CDFFB25A}.Release|Any CPU.ActiveCfg = Release|Any CPU
		{DC802FD7-D54D-4A00-8AC1-81A6CDFFB25A}.Release|Any CPU.Build.0 = Release|Any CPU
		{AC7A0D6C-5AD7-4430-B457-5953682F33E4}.Debug|Any CPU.ActiveCfg = Debug|Any CPU
		{AC7A0D6C-5AD7-4430-B457-5953682F33E4}.Debug|Any CPU.Build.0 = Debug|Any CPU
		{AC7A0D6C-5AD7-4430-B457-5953682F33E4}.Release|Any CPU.ActiveCfg = Release|Any CPU
		{AC7A0D6C-5AD7-4430-B457-5953682F33E4}.Release|Any CPU.Build.0 = Release|Any CPU
		{E9F69253-4A68-41D9-8D00-F13C6D9427F4}.Debug|Any CPU.ActiveCfg = Debug|Any CPU
		{E9F69253-4A68-41D9-8D00-F13C6D9427F4}.Debug|Any CPU.Build.0 = Debug|Any CPU
		{E9F69253-4A68-41D9-8D00-F13C6D9427F4}.Release|Any CPU.ActiveCfg = Release|Any CPU
		{E9F69253-4A68-41D9-8D00-F13C6D9427F4}.Release|Any CPU.Build.0 = Release|Any CPU
	EndGlobalSection
	GlobalSection(SolutionProperties) = preSolution
		HideSolutionNode = FALSE
	EndGlobalSection
	GlobalSection(NestedProjects) = preSolution
		{04610D61-9E2C-4638-A6CF-7D78B9FC7B3E} = {02EA681E-C7D8-13C7-8484-4AC65E1B71E8}
		{DC802FD7-D54D-4A00-8AC1-81A6CDFFB25A} = {02EA681E-C7D8-13C7-8484-4AC65E1B71E8}
		{AC7A0D6C-5AD7-4430-B457-5953682F33E4} = {02EA681E-C7D8-13C7-8484-4AC65E1B71E8}
	EndGlobalSection
	GlobalSection(ExtensibilityGlobals) = postSolution
		SolutionGuid = {8D6E06A9-0136-45EF-919B-4387765E4C16}
	EndGlobalSection
EndGlobal
